
Microsoft Visual Studio Solution File, Format Version 12.00
# Visual Studio Version 17
VisualStudioVersion = 17.7.34018.315
MinimumVisualStudioVersion = 10.0.40219.1
Project("{FAE04EC0-301F-11D3-BF4B-00C04F79EFBC}") = "Project7", "Project7\Project7.csproj", "{59878264-0D14-4622-9817-A0CA7EFBBA58}"
EndProject
Global
	GlobalSection(SolutionConfigurationPlatforms) = preSolution
		Debug|Any CPU = Debug|Any CPU
		Release|Any CPU = Release|Any CPU
	EndGlobalSection
	GlobalSection(ProjectConfigurationPlatforms) = postSolution
		{59878264-0D14-4622-9817-A0CA7EFBBA58}.Debug|Any CPU.ActiveCfg = Debug|Any CPU
		{59878264-0D14-4622-9817-A0CA7EFBBA58}.Debug|Any CPU.Build.0 = Debug|Any CPU
		{59878264-0D14-4622-9817-A0CA7EFBBA58}.Release|Any CPU.ActiveCfg = Release|Any CPU
		{59878264-0D14-4622-9817-A0CA7EFBBA58}.Release|Any CPU.Build.0 = Release|Any CPU
	EndGlobalSection
	GlobalSection(SolutionProperties) = preSolution
		HideSolutionNode = FALSE
	EndGlobalSection
	GlobalSection(ExtensibilityGlobals) = postSolution
		SolutionGuid = {755A4180-27B3-4F5E-ABCB-4065E8DA89A2}
	EndGlobalSection
EndGlobal
